PODS:
  - fltbdface (1.0.0):
    - Flutter
  - Flutter (1.0.0)

DEPENDENCIES:
  - fltbdface (from `.symlinks/plugins/fltbdface/ios`)
  - Flutter (from `Flutter`)

EXTERNAL SOURCES:
  fltbdface:
    :path: ".symlinks/plugins/fltbdface/ios"
  Flutter:
    :path: Flutter

SPEC CHECKSUMS:
  fltbdface: 6fea1cdb4a90c541433a7aff62ed5703af29cd85
  Flutter: 0e3d915762c693b495b44d77113d4970485de6ec

PODFILE CHECKSUM: aafe91acc616949ddb318b77800a7f51bffa2a4c

COCOAPODS: 1.9.1
