PODS:
  - fltbdface (1.0.0):
    - Flutter
  - Flutter (1.0.0)

DEPENDENCIES:
  - fltbdface (from `.symlinks/plugins/fltbdface/ios`)
  - Flutter (from `Flutter`)

EXTERNAL SOURCES:
  fltbdface:
    :path: ".symlinks/plugins/fltbdface/ios"
  Flutter:
    :path: Flutter

SPEC CHECKSUMS:
  fltbdface: 9d57982786e9fdae28f7e8527460dc7206a5cd79
  Flutter: cabc95a1d2626b1b06e7179b784ebcf0c0cde467

PODFILE CHECKSUM: 0dbd5a87e0ace00c9610d2037ac22083a01f861d

COCOAPODS: 1.15.2
